
Microsoft Visual Studio Solution File, Format Version 12.00
# Visual Studio Version 16
VisualStudioVersion = 16.0.29424.173
MinimumVisualStudioVersion = 10.0.40219.1
Project("{FAE04EC0-301F-11D3-BF4B-00C04F79EFBC}") = "FSM-Games.TicTacToe.Client", "FSM-Games.TicTacToe.Client\FSM-Games.TicTacToe.Client.csproj", "{D0A9F727-4257-4B51-99A2-A4323272FF5E}"
EndProject
Project("{9A19103F-16F7-4668-BE54-9A1E7A4F7556}") = "FSM-Games.TicTacToe", "FSM-Games.TicTacToe\FSM-Games.TicTacToe.csproj", "{3F8DB938-606F-45EB-8F30-EA2A02851423}"
EndProject
Project("{FAE04EC0-301F-11D3-BF4B-00C04F79EFBC}") = "FSM-Games.TicTacToe.Tests", "FSM-Games.TicTacToe.Tests\FSM-Games.TicTacToe.Tests.csproj", "{B3F42227-BAE2-4C89-AB86-F443EFBC9069}"
EndProject
Project("{9A19103F-16F7-4668-BE54-9A1E7A4F7556}") = "FSM-Games.SwitchLocks", "FSM-Games.SwitchLocks\FSM-Games.SwitchLocks.csproj", "{EFFC4406-ED2D-45B6-860E-99B671B0CBA4}"
EndProject
Project("{FAE04EC0-301F-11D3-BF4B-00C04F79EFBC}") = "FSM-Games.SwitchLocks.Client", "FSM-Games.SwitchLocks.Client\FSM-Games.SwitchLocks.Client.csproj", "{BE4F63DF-BABF-4918-BCE9-AE1B181A72D6}"
EndProject
Project("{9A19103F-16F7-4668-BE54-9A1E7A4F7556}") = "FSM-Games.SwitchLocks.Tests", "FSM-Games.SwitchLocks.Tests\FSM-Games.SwitchLocks.Tests.csproj", "{FB6D08FA-C524-400B-80F8-8E354D55E77D}"
EndProject
Project("{9A19103F-16F7-4668-BE54-9A1E7A4F7556}") = "FSM-Games.TowerOfHanoi", "FSM-Games.TowerOfHanoi\FSM-Games.TowerOfHanoi.csproj", "{2458894C-82C1-447B-AD0E-58347763BDDB}"
EndProject
Project("{FAE04EC0-301F-11D3-BF4B-00C04F79EFBC}") = "FSM-Games.TowerOfHanoi.Client", "FSM-Games.TowerOfHanoi.Client\FSM-Games.TowerOfHanoi.Client.csproj", "{FDE81989-C6EC-468F-9FA6-46BD3C438309}"
EndProject
Project("{9A19103F-16F7-4668-BE54-9A1E7A4F7556}") = "FSM-Games.TowerOfHanoi.Tests", "FSM-Games.TowerOfHanoi.Tests\FSM-Games.TowerOfHanoi.Tests.csproj", "{EB4BD16D-22B0-4F27-B388-ED696D48E9F5}"
EndProject
Project("{FAE04EC0-301F-11D3-BF4B-00C04F79EFBC}") = "FSM-Games.BullsAndCows", "FSM-Games.BullsAndCows\FSM-Games.BullsAndCows.csproj", "{F0C7A3FD-9F95-4C54-A824-DE74C4FFB6F2}"
EndProject
Project("{FAE04EC0-301F-11D3-BF4B-00C04F79EFBC}") = "FSM-Games.BullsAndCows.Client", "FSM-Games.BullsAndCows.Client\FSM-Games.BullsAndCows.Client.csproj", "{A9179784-787B-4354-9745-13D3E08B9DF3}"
EndProject
Project("{FAE04EC0-301F-11D3-BF4B-00C04F79EFBC}") = "FSM-Games.BullsAndCows.Tests", "FSM-Games.BullsAndCows.Tests\FSM-Games.BullsAndCows.Tests.csproj", "{8362D059-E946-483A-A07A-FF68708A790A}"
EndProject
Global
	GlobalSection(SolutionConfigurationPlatforms) = preSolution
		Debug|Any CPU = Debug|Any CPU
		Release|Any CPU = Release|Any CPU
	EndGlobalSection
	GlobalSection(ProjectConfigurationPlatforms) = postSolution
		{D0A9F727-4257-4B51-99A2-A4323272FF5E}.Debug|Any CPU.ActiveCfg = Debug|Any CPU
		{D0A9F727-4257-4B51-99A2-A4323272FF5E}.Debug|Any CPU.Build.0 = Debug|Any CPU
		{D0A9F727-4257-4B51-99A2-A4323272FF5E}.Release|Any CPU.ActiveCfg = Release|Any CPU
		{D0A9F727-4257-4B51-99A2-A4323272FF5E}.Release|Any CPU.Build.0 = Release|Any CPU
		{3F8DB938-606F-45EB-8F30-EA2A02851423}.Debug|Any CPU.ActiveCfg = Debug|Any CPU
		{3F8DB938-606F-45EB-8F30-EA2A02851423}.Debug|Any CPU.Build.0 = Debug|Any CPU
		{3F8DB938-606F-45EB-8F30-EA2A02851423}.Release|Any CPU.ActiveCfg = Release|Any CPU
		{3F8DB938-606F-45EB-8F30-EA2A02851423}.Release|Any CPU.Build.0 = Release|Any CPU
		{B3F42227-BAE2-4C89-AB86-F443EFBC9069}.Debug|Any CPU.ActiveCfg = Debug|Any CPU
		{B3F42227-BAE2-4C89-AB86-F443EFBC9069}.Debug|Any CPU.Build.0 = Debug|Any CPU
		{B3F42227-BAE2-4C89-AB86-F443EFBC9069}.Release|Any CPU.ActiveCfg = Release|Any CPU
		{B3F42227-BAE2-4C89-AB86-F443EFBC9069}.Release|Any CPU.Build.0 = Release|Any CPU
		{EFFC4406-ED2D-45B6-860E-99B671B0CBA4}.Debug|Any CPU.ActiveCfg = Debug|Any CPU
		{EFFC4406-ED2D-45B6-860E-99B671B0CBA4}.Debug|Any CPU.Build.0 = Debug|Any CPU
		{EFFC4406-ED2D-45B6-860E-99B671B0CBA4}.Release|Any CPU.ActiveCfg = Release|Any CPU
		{EFFC4406-ED2D-45B6-860E-99B671B0CBA4}.Release|Any CPU.Build.0 = Release|Any CPU
		{BE4F63DF-BABF-4918-BCE9-AE1B181A72D6}.Debug|Any CPU.ActiveCfg = Debug|Any CPU
		{BE4F63DF-BABF-4918-BCE9-AE1B181A72D6}.Debug|Any CPU.Build.0 = Debug|Any CPU
		{BE4F63DF-BABF-4918-BCE9-AE1B181A72D6}.Release|Any CPU.ActiveCfg = Release|Any CPU
		{BE4F63DF-BABF-4918-BCE9-AE1B181A72D6}.Release|Any CPU.Build.0 = Release|Any CPU
		{FB6D08FA-C524-400B-80F8-8E354D55E77D}.Debug|Any CPU.ActiveCfg = Debug|Any CPU
		{FB6D08FA-C524-400B-80F8-8E354D55E77D}.Debug|Any CPU.Build.0 = Debug|Any CPU
		{FB6D08FA-C524-400B-80F8-8E354D55E77D}.Release|Any CPU.ActiveCfg = Release|Any CPU
		{FB6D08FA-C524-400B-80F8-8E354D55E77D}.Release|Any CPU.Build.0 = Release|Any CPU
		{2458894C-82C1-447B-AD0E-58347763BDDB}.Debug|Any CPU.ActiveCfg = Debug|Any CPU
		{2458894C-82C1-447B-AD0E-58347763BDDB}.Debug|Any CPU.Build.0 = Debug|Any CPU
		{2458894C-82C1-447B-AD0E-58347763BDDB}.Release|Any CPU.ActiveCfg = Release|Any CPU
		{2458894C-82C1-447B-AD0E-58347763BDDB}.Release|Any CPU.Build.0 = Release|Any CPU
		{FDE81989-C6EC-468F-9FA6-46BD3C438309}.Debug|Any CPU.ActiveCfg = Debug|Any CPU
		{FDE81989-C6EC-468F-9FA6-46BD3C438309}.Debug|Any CPU.Build.0 = Debug|Any CPU
		{FDE81989-C6EC-468F-9FA6-46BD3C438309}.Release|Any CPU.ActiveCfg = Release|Any CPU
		{FDE81989-C6EC-468F-9FA6-46BD3C438309}.Release|Any CPU.Build.0 = Release|Any CPU
		{EB4BD16D-22B0-4F27-B388-ED696D48E9F5}.Debug|Any CPU.ActiveCfg = Debug|Any CPU
		{EB4BD16D-22B0-4F27-B388-ED696D48E9F5}.Debug|Any CPU.Build.0 = Debug|Any CPU
		{EB4BD16D-22B0-4F27-B388-ED696D48E9F5}.Release|Any CPU.ActiveCfg = Release|Any CPU
		{EB4BD16D-22B0-4F27-B388-ED696D48E9F5}.Release|Any CPU.Build.0 = Release|Any CPU
		{F0C7A3FD-9F95-4C54-A824-DE74C4FFB6F2}.Debug|Any CPU.ActiveCfg = Debug|Any CPU
		{F0C7A3FD-9F95-4C54-A824-DE74C4FFB6F2}.Debug|Any CPU.Build.0 = Debug|Any CPU
		{F0C7A3FD-9F95-4C54-A824-DE74C4FFB6F2}.Release|Any CPU.ActiveCfg = Release|Any CPU
		{F0C7A3FD-9F95-4C54-A824-DE74C4FFB6F2}.Release|Any CPU.Build.0 = Release|Any CPU
		{A9179784-787B-4354-9745-13D3E08B9DF3}.Debug|Any CPU.ActiveCfg = Debug|Any CPU
		{A9179784-787B-4354-9745-13D3E08B9DF3}.Debug|Any CPU.Build.0 = Debug|Any CPU
		{A9179784-787B-4354-9745-13D3E08B9DF3}.Release|Any CPU.ActiveCfg = Release|Any CPU
		{A9179784-787B-4354-9745-13D3E08B9DF3}.Release|Any CPU.Build.0 = Release|Any CPU
		{8362D059-E946-483A-A07A-FF68708A790A}.Debug|Any CPU.ActiveCfg = Debug|Any CPU
		{8362D059-E946-483A-A07A-FF68708A790A}.Debug|Any CPU.Build.0 = Debug|Any CPU
		{8362D059-E946-483A-A07A-FF68708A790A}.Release|Any CPU.ActiveCfg = Release|Any CPU
		{8362D059-E946-483A-A07A-FF68708A790A}.Release|Any CPU.Build.0 = Release|Any CPU
	EndGlobalSection
	GlobalSection(SolutionProperties) = preSolution
		HideSolutionNode = FALSE
	EndGlobalSection
	GlobalSection(ExtensibilityGlobals) = postSolution
		SolutionGuid = {12AB74CD-C144-4BA3-ACD9-C6F16E90B856}
	EndGlobalSection
EndGlobal
